
Microsoft Visual Studio Solution File, Format Version 12.00
# Visual Studio Version 17
VisualStudioVersion = 17.0.31612.314
MinimumVisualStudioVersion = 10.0.40219.1
Project("{FAE04EC0-301F-11D3-BF4B-00C04F79EFBC}") = "SquareChaser", "SquareChaser.csproj", "{8AE5928D-9EA3-4575-A5A7-FACCB667FAD3}"
EndProject
Global
	GlobalSection(SolutionConfigurationPlatforms) = preSolution
		Debug|Any CPU = Debug|Any CPU
		Release|Any CPU = Release|Any CPU
	EndGlobalSection
	GlobalSection(ProjectConfigurationPlatforms) = postSolution
		{8AE5928D-9EA3-4575-A5A7-FACCB667FAD3}.Debug|Any CPU.ActiveCfg = Debug|Any CPU
		{8AE5928D-9EA3-4575-A5A7-FACCB667FAD3}.Debug|Any CPU.Build.0 = Debug|Any CPU
		{8AE5928D-9EA3-4575-A5A7-FACCB667FAD3}.Release|Any CPU.ActiveCfg = Release|Any CPU
		{8AE5928D-9EA3-4575-A5A7-FACCB667FAD3}.Release|Any CPU.Build.0 = Release|Any CPU
	EndGlobalSection
	GlobalSection(SolutionProperties) = preSolution
		HideSolutionNode = FALSE
	EndGlobalSection
	GlobalSection(ExtensibilityGlobals) = postSolution
		SolutionGuid = {3D12EB23-F153-4D76-9355-2C0717BA498C}
	EndGlobalSection
EndGlobal
